
Microsoft Visual Studio Solution File, Format Version 12.00
# Visual Studio Version 17
VisualStudioVersion = 17.7.34018.315
MinimumVisualStudioVersion = 10.0.40219.1
Project("{FAE04EC0-301F-11D3-BF4B-00C04F79EFBC}") = "SillyCLID", "SillyCLID\SillyCLID.csproj", "{71705F4F-ACF7-47D2-97E6-AA95833E28FD}"
EndProject
Global
	GlobalSection(SolutionConfigurationPlatforms) = preSolution
		Debug|Any CPU = Debug|Any CPU
		Release|Any CPU = Release|Any CPU
	EndGlobalSection
	GlobalSection(ProjectConfigurationPlatforms) = postSolution
		{71705F4F-ACF7-47D2-97E6-AA95833E28FD}.Debug|Any CPU.ActiveCfg = Debug|Any CPU
		{71705F4F-ACF7-47D2-97E6-AA95833E28FD}.Debug|Any CPU.Build.0 = Debug|Any CPU
		{71705F4F-ACF7-47D2-97E6-AA95833E28FD}.Release|Any CPU.ActiveCfg = Release|Any CPU
		{71705F4F-ACF7-47D2-97E6-AA95833E28FD}.Release|Any CPU.Build.0 = Release|Any CPU
	EndGlobalSection
	GlobalSection(SolutionProperties) = preSolution
		HideSolutionNode = FALSE
	EndGlobalSection
	GlobalSection(ExtensibilityGlobals) = postSolution
		SolutionGuid = {1638FA57-77FC-4966-A83E-2C5988E270CB}
	EndGlobalSection
EndGlobal
